{
    "_meta": {
        "hash": {
            "sha256": "9340a806b679e1173643fcbcf3baa7a56c56f2b2484daf7156acede3f82fcfcc"
        },
        "pipfile-spec": 6,
        "requires": {
            "python_version": "3.10"
        },
        "sources": [
            {
                "name": "pypi",
                "url": "https://pypi.org/simple",
                "verify_ssl": true
            }
        ]
    },
    "default": {
        "libtmux": {
            "hashes": [
                "sha256:794ce91bbe3c754474f06464bd0aed5e984b4d85ff105f0d0eaaaf469c02acb1",
                "sha256:d6a553f3cbe636a011c588e11079fc1e61abf523c6fc939b37d6f0e5dab3c4da"
            ],
            "index": "pypi",
            "version": "==0.22.1"
        }
    },
    "develop": {}
}
