{
    "_meta": {
        "hash": {
            "sha256": "8ec671cbe9e8c346e4b4c7f68a62d1706c20470c873d0af34f897d178f0cadee"
        },
        "pipfile-spec": 6,
        "requires": {
            "python_version": "3.10"
        },
        "sources": [
            {
                "name": "pypi",
                "url": "https://pypi.org/simple",
                "verify_ssl": true
            }
        ]
    },
    "default": {
        "click": {
            "hashes": [
                "sha256:7682dc8afb30297001674575ea00d1814d808d6a36af415a82bd481d37ba7b8e",
                "sha256:bb4d8133cb15a609f44e8213d9b391b0809795062913b383c62be0ee95b1db48"
            ],
            "index": "pypi",
            "version": "==8.1.3"
        },
        "click-log": {
            "hashes": [
                "sha256:3970f8570ac54491237bcdb3d8ab5e3eef6c057df29f8c3d1151a51a9c23b975",
                "sha256:a43e394b528d52112af599f2fc9e4b7cf3c15f94e53581f74fa6867e68c91756"
            ],
            "index": "pypi",
            "version": "==0.4.0"
        },
        "click-shell": {
            "hashes": [
                "sha256:2d971a2e50eb7ad387cf0ce79ba4b844e66e0580784e2efe2df58b50a2f047f0",
                "sha256:ce0c91faae284c41a39bec966f928791ad4a45763755445f1fe2041fd091aa37"
            ],
            "index": "pypi",
            "version": "==2.1"
        },
        "colorama": {
            "hashes": [
                "sha256:08695f5cb7ed6e0531a20572697297273c47b8cae5a63ffc6d6ed5c201be6e44",
                "sha256:4f1d9991f5acc0ca119f9d443620b77f9d6b33703e51011c16baf57afb285fc6"
            ],
            "index": "pypi",
            "version": "==0.4.6"
        },
        "libtmux": {
            "hashes": [
                "sha256:794ce91bbe3c754474f06464bd0aed5e984b4d85ff105f0d0eaaaf469c02acb1",
                "sha256:d6a553f3cbe636a011c588e11079fc1e61abf523c6fc939b37d6f0e5dab3c4da"
            ],
            "index": "pypi",
            "version": "==0.22.1"
        }
    },
    "develop": {}
}
